// !$*UTF8*$!
{
	archiveVersion = 1;
	classes = {
	};
	objectVersion = 50;
	objects = {

/* Begin PBXBuildFile section */
		7F40E632258100270082F20C /* AboutViewController.swift in Sources */ = {isa = PBXBuildFile; fileRef = 7F40E631258100270082F20C /* AboutViewController.swift */; };
		7F825024256E2C1200B61E9D /* AppDelegate.swift in Sources */ = {isa = PBXBuildFile; fileRef = 7F825023256E2C1200B61E9D /* AppDelegate.swift */; };
		7F825026256E2C1200B61E9D /* SceneDelegate.swift in Sources */ = {isa = PBXBuildFile; fileRef = 7F825025256E2C1200B61E9D /* SceneDelegate.swift */; };
		7F825028256E2C1200B61E9D /* ViewController.swift in Sources */ = {isa = PBXBuildFile; fileRef = 7F825027256E2C1200B61E9D /* ViewController.swift */; };
		7F82502B256E2C1200B61E9D /* Main.storyboard in Resources */ = {isa = PBXBuildFile; fileRef = 7F825029256E2C1200B61E9D /* Main.storyboard */; };
		7F82502D256E2C1700B61E9D /* Assets.xcassets in Resources */ = {isa = PBXBuildFile; fileRef = 7F82502C256E2C1700B61E9D /* Assets.xcassets */; };
		7F825030256E2C1700B61E9D /* LaunchScreen.storyboard in Resources */ = {isa = PBXBuildFile; fileRef = 7F82502E256E2C1700B61E9D /* LaunchScreen.storyboard */; };
/* End PBXBuildFile section */

/* Begin PBXFileReference section */
		7F40E631258100270082F20C /* AboutViewController.swift */ = {isa = PBXFileReference; lastKnownFileType = sourcecode.swift; path = AboutViewController.swift; sourceTree = "<group>"; };
		7F825020256E2C1200B61E9D /* Bull's Eye.app */ = {isa = PBXFileReference; explicitFileType = wrapper.application; includeInIndex = 0; path = "Bull's Eye.app"; sourceTree = BUILT_PRODUCTS_DIR; };
		7F825023256E2C1200B61E9D /* AppDelegate.swift */ = {isa = PBXFileReference; lastKnownFileType = sourcecode.swift; path = AppDelegate.swift; sourceTree = "<group>"; };
		7F825025256E2C1200B61E9D /* SceneDelegate.swift */ = {isa = PBXFileReference; lastKnownFileType = sourcecode.swift; path = SceneDelegate.swift; sourceTree = "<group>"; };
		7F825027256E2C1200B61E9D /* ViewController.swift */ = {isa = PBXFileReference; lastKnownFileType = sourcecode.swift; path = ViewController.swift; sourceTree = "<group>"; };
		7F82502A256E2C1200B61E9D /* Base */ = {isa = PBXFileReference; lastKnownFileType = file.storyboard; name = Base; path = Base.lproj/Main.storyboard; sourceTree = "<group>"; };
		7F82502C256E2C1700B61E9D /* Assets.xcassets */ = {isa = PBXFileReference; lastKnownFileType = folder.assetcatalog; path = Assets.xcassets; sourceTree = "<group>"; };
		7F82502F256E2C1700B61E9D /* Base */ = {isa = PBXFileReference; lastKnownFileType = file.storyboard; name = Base; path = Base.lproj/LaunchScreen.storyboard; sourceTree = "<group>"; };
		7F825031256E2C1700B61E9D /* Info.plist */ = {isa = PBXFileReference; lastKnownFileType = text.plist.xml; path = Info.plist; sourceTree = "<group>"; };
/* End PBXFileReference section */

/* Begin PBXFrameworksBuildPhase section */
		7F82501D256E2C1200B61E9D /* Frameworks */ = {
			isa = PBXFrameworksBuildPhase;
			buildActionMask = 2147483647;
			files = (
			);
			runOnlyForDeploymentPostprocessing = 0;
		};
/* End PBXFrameworksBuildPhase section */

/* Begin PBXGroup section */
		7F825017256E2C1200B61E9D = {
			isa = PBXGroup;
			children = (
				7F825022256E2C1200B61E9D /* iOS-UIKit-Bullseye */,
				7F825021256E2C1200B61E9D /* Products */,
			);
			sourceTree = "<group>";
		};
		7F825021256E2C1200B61E9D /* Products */ = {
			isa = PBXGroup;
			children = (
				7F825020256E2C1200B61E9D /* Bull's Eye.app */,
			);
			name = Products;
			sourceTree = "<group>";
		};
		7F825022256E2C1200B61E9D /* iOS-UIKit-Bullseye */ = {
			isa = PBXGroup;
			children = (
				7F825023256E2C1200B61E9D /* AppDelegate.swift */,
				7F825025256E2C1200B61E9D /* SceneDelegate.swift */,
				7F40E631258100270082F20C /* AboutViewController.swift */,
				7F825027256E2C1200B61E9D /* ViewController.swift */,
				7F825029256E2C1200B61E9D /* Main.storyboard */,
				7F82502C256E2C1700B61E9D /* Assets.xcassets */,
				7F82502E256E2C1700B61E9D /* LaunchScreen.storyboard */,
				7F825031256E2C1700B61E9D /* Info.plist */,
			);
			path = "iOS-UIKit-Bullseye";
			sourceTree = "<group>";
		};
/* End PBXGroup section */

/* Begin PBXNativeTarget section */
		7F82501F256E2C1200B61E9D /* iOS-UIKit-Bullseye */ = {
			isa = PBXNativeTarget;
			buildConfigurationList = 7F825034256E2C1700B61E9D /* Build configuration list for PBXNativeTarget "iOS-UIKit-Bullseye" */;
			buildPhases = (
				7F82501C256E2C1200B61E9D /* Sources */,
				7F82501D256E2C1200B61E9D /* Frameworks */,
				7F82501E256E2C1200B61E9D /* Resources */,
			);
			buildRules = (
			);
			dependencies = (
			);
			name = "iOS-UIKit-Bullseye";
			productName = "iOS-UIKit-Bullseye";
			productReference = 7F825020256E2C1200B61E9D /* Bull's Eye.app */;
			productType = "com.apple.product-type.application";
		};
/* End PBXNativeTarget section */

/* Begin PBXProject section */
		7F825018256E2C1200B61E9D /* Project object */ = {
			isa = PBXProject;
			attributes = {
				LastSwiftUpdateCheck = 1140;
				LastUpgradeCheck = 1140;
				ORGANIZATIONNAME = justadlet;
				TargetAttributes = {
					7F82501F256E2C1200B61E9D = {
						CreatedOnToolsVersion = 11.4.1;
					};
				};
			};
			buildConfigurationList = 7F82501B256E2C1200B61E9D /* Build configuration list for PBXProject "iOS-UIKit-Bullseye" */;
			compatibilityVersion = "Xcode 9.3";
			developmentRegion = en;
			hasScannedForEncodings = 0;
			knownRegions = (
				en,
				Base,
			);
			mainGroup = 7F825017256E2C1200B61E9D;
			productRefGroup = 7F825021256E2C1200B61E9D /* Products */;
			projectDirPath = "";
			projectRoot = "";
			targets = (
				7F82501F256E2C1200B61E9D /* iOS-UIKit-Bullseye */,
			);
		};
/* End PBXProject section */

/* Begin PBXResourcesBuildPhase section */
		7F82501E256E2C1200B61E9D /* Resources */ = {
			isa = PBXResourcesBuildPhase;
			buildActionMask = 2147483647;
			files = (
				7F825030256E2C1700B61E9D /* LaunchScreen.storyboard in Resources */,
				7F82502D256E2C1700B61E9D /* Assets.xcassets in Resources */,
				7F82502B256E2C1200B61E9D /* Main.storyboard in Resources */,
			);
			runOnlyForDeploymentPostprocessing = 0;
		};
/* End PBXResourcesBuildPhase section */

/* Begin PBXSourcesBuildPhase section */
		7F82501C256E2C1200B61E9D /* Sources */ = {
			isa = PBXSourcesBuildPhase;
			buildActionMask = 2147483647;
			files = (
				7F825028256E2C1200B61E9D /* ViewController.swift in Sources */,
				7F825024256E2C1200B61E9D /* AppDelegate.swift in Sources */,
				7F40E632258100270082F20C /* AboutViewController.swift in Sources */,
				7F825026256E2C1200B61E9D /* SceneDelegate.swift in Sources */,
			);
			runOnlyForDeploymentPostprocessing = 0;
		};
/* End PBXSourcesBuildPhase section */

/* Begin PBXVariantGroup section */
		7F825029256E2C1200B61E9D /* Main.storyboard */ = {
			isa = PBXVariantGroup;
			children = (
				7F82502A256E2C1200B61E9D /* Base */,
			);
			name = Main.storyboard;
			sourceTree = "<group>";
		};
		7F82502E256E2C1700B61E9D /* LaunchScreen.storyboard */ = {
			isa = PBXVariantGroup;
			children = (
				7F82502F256E2C1700B61E9D /* Base */,
			);
			name = LaunchScreen.storyboard;
			sourceTree = "<group>";
		};
/* End PBXVariantGroup section */

/* Begin XCBuildConfiguration section */
		7F825032256E2C1700B61E9D /* Debug */ = {
			isa = XCBuildConfiguration;
			buildSettings = {
				ALWAYS_SEARCH_USER_PATHS = NO;
				CLANG_ANALYZER_NONNULL = YES;
				CLANG_ANALYZER_NUMBER_OBJECT_CONVERSION = YES_AGGRESSIVE;
				CLANG_CXX_LANGUAGE_STANDARD = "gnu++14";
				CLANG_CXX_LIBRARY = "libc++";
				CLANG_ENABLE_MODULES = YES;
				CLANG_ENABLE_OBJC_ARC = YES;
				CLANG_ENABLE_OBJC_WEAK = YES;
				CLANG_WARN_BLOCK_CAPTURE_AUTORELEASING = YES;
				CLANG_WARN_BOOL_CONVERSION = YES;
				CLANG_WARN_COMMA = YES;
				CLANG_WARN_CONSTANT_CONVERSION = YES;
				CLANG_WARN_DEPRECATED_OBJC_IMPLEMENTATIONS = YES;
				CLANG_WARN_DIRECT_OBJC_ISA_USAGE = YES_ERROR;
				CLANG_WARN_DOCUMENTATION_COMMENTS = YES;
				CLANG_WARN_EMPTY_BODY = YES;
				CLANG_WARN_ENUM_CONVERSION = YES;
				CLANG_WARN_INFINITE_RECURSION = YES;
				CLANG_WARN_INT_CONVERSION = YES;
				CLANG_WARN_NON_LITERAL_NULL_CONVERSION = YES;
				CLANG_WARN_OBJC_IMPLICIT_RETAIN_SELF = YES;
				CLANG_WARN_OBJC_LITERAL_CONVERSION = YES;
				CLANG_WARN_OBJC_ROOT_CLASS = YES_ERROR;
				CLANG_WARN_RANGE_LOOP_ANALYSIS = YES;
				CLANG_WARN_STRICT_PROTOTYPES = YES;
				CLANG_WARN_SUSPICIOUS_MOVE = YES;
				CLANG_WARN_UNGUARDED_AVAILABILITY = YES_AGGRESSIVE;
				CLANG_WARN_UNREACHABLE_CODE = YES;
				CLANG_WARN__DUPLICATE_METHOD_MATCH = YES;
				COPY_PHASE_STRIP = NO;
				DEBUG_INFORMATION_FORMAT = dwarf;
				ENABLE_STRICT_OBJC_MSGSEND = YES;
				ENABLE_TESTABILITY = YES;
				GCC_C_LANGUAGE_STANDARD = gnu11;
				GCC_DYNAMIC_NO_PIC = NO;
				GCC_NO_COMMON_BLOCKS = YES;
				GCC_OPTIMIZATION_LEVEL = 0;
				GCC_PREPROCESSOR_DEFINITIONS = (
					"DEBUG=1",
					"$(inherited)",
				);
				GCC_WARN_64_TO_32_BIT_CONVERSION = YES;
				GCC_WARN_ABOUT_RETURN_TYPE = YES_ERROR;
				GCC_WARN_UNDECLARED_SELECTOR = YES;
				GCC_WARN_UNINITIALIZED_AUTOS = YES_AGGRESSIVE;
				GCC_WARN_UNUSED_FUNCTION = YES;
				GCC_WARN_UNUSED_VARIABLE = YES;
				IPHONEOS_DEPLOYMENT_TARGET = 13.4;
				MTL_ENABLE_DEBUG_INFO = INCLUDE_SOURCE;
				MTL_FAST_MATH = YES;
				ONLY_ACTIVE_ARCH = YES;
				SDKROOT = iphoneos;
				SWIFT_ACTIVE_COMPILATION_CONDITIONS = DEBUG;
				SWIFT_OPTIMIZATION_LEVEL = "-Onone";
			};
			name = Debug;
		};
		7F825033256E2C1700B61E9D /* Release */ = {
			isa = XCBuildConfiguration;
			buildSettings = {
				ALWAYS_SEARCH_USER_PATHS = NO;
				CLANG_ANALYZER_NONNULL = YES;
				CLANG_ANALYZER_NUMBER_OBJECT_CONVERSION = YES_AGGRESSIVE;
				CLANG_CXX_LANGUAGE_STANDARD = "gnu++14";
				CLANG_CXX_LIBRARY = "libc++";
				CLANG_ENABLE_MODULES = YES;
				CLANG_ENABLE_OBJC_ARC = YES;
				CLANG_ENABLE_OBJC_WEAK = YES;
				CLANG_WARN_BLOCK_CAPTURE_AUTORELEASING = YES;
				CLANG_WARN_BOOL_CONVERSION = YES;
				CLANG_WARN_COMMA = YES;
				CLANG_WARN_CONSTANT_CONVERSION = YES;
				CLANG_WARN_DEPRECATED_OBJC_IMPLEMENTATIONS = YES;
				CLANG_WARN_DIRECT_OBJC_ISA_USAGE = YES_ERROR;
				CLANG_WARN_DOCUMENTATION_COMMENTS = YES;
				CLANG_WARN_EMPTY_BODY = YES;
				CLANG_WARN_ENUM_CONVERSION = YES;
				CLANG_WARN_INFINITE_RECURSION = YES;
				CLANG_WARN_INT_CONVERSION = YES;
				CLANG_WARN_NON_LITERAL_NULL_CONVERSION = YES;
				CLANG_WARN_OBJC_IMPLICIT_RETAIN_SELF = YES;
				CLANG_WARN_OBJC_LITERAL_CONVERSION = YES;
				CLANG_WARN_OBJC_ROOT_CLASS = YES_ERROR;
				CLANG_WARN_RANGE_LOOP_ANALYSIS = YES;
				CLANG_WARN_STRICT_PROTOTYPES = YES;
				CLANG_WARN_SUSPICIOUS_MOVE = YES;
				CLANG_WARN_UNGUARDED_AVAILABILITY = YES_AGGRESSIVE;
				CLANG_WARN_UNREACHABLE_CODE = YES;
				CLANG_WARN__DUPLICATE_METHOD_MATCH = YES;
				COPY_PHASE_STRIP = NO;
				DEBUG_INFORMATION_FORMAT = "dwarf-with-dsym";
				ENABLE_NS_ASSERTIONS = NO;
				ENABLE_STRICT_OBJC_MSGSEND = YES;
				GCC_C_LANGUAGE_STANDARD = gnu11;
				GCC_NO_COMMON_BLOCKS = YES;
				GCC_WARN_64_TO_32_BIT_CONVERSION = YES;
				GCC_WARN_ABOUT_RETURN_TYPE = YES_ERROR;
				GCC_WARN_UNDECLARED_SELECTOR = YES;
				GCC_WARN_UNINITIALIZED_AUTOS = YES_AGGRESSIVE;
				GCC_WARN_UNUSED_FUNCTION = YES;
				GCC_WARN_UNUSED_VARIABLE = YES;
				IPHONEOS_DEPLOYMENT_TARGET = 13.4;
				MTL_ENABLE_DEBUG_INFO = NO;
				MTL_FAST_MATH = YES;
				SDKROOT = iphoneos;
				SWIFT_COMPILATION_MODE = wholemodule;
				SWIFT_OPTIMIZATION_LEVEL = "-O";
				VALIDATE_PRODUCT = YES;
			};
			name = Release;
		};
		7F825035256E2C1700B61E9D /* Debug */ = {
			isa = XCBuildConfiguration;
			buildSettings = {
				ASSETCATALOG_COMPILER_APPICON_NAME = AppIcon;
				CODE_SIGN_STYLE = Automatic;
				DEVELOPMENT_TEAM = 5594B8DQMM;
				INFOPLIST_FILE = "iOS-UIKit-Bullseye/Info.plist";
				LD_RUNPATH_SEARCH_PATHS = (
					"$(inherited)",
					"@executable_path/Frameworks",
				);
				PRODUCT_BUNDLE_IDENTIFIER = "com.justadlet.iOS-UIKit-Bullseye";
				PRODUCT_NAME = "Bull's Eye";
				SWIFT_VERSION = 5.0;
				TARGETED_DEVICE_FAMILY = "1,2";
			};
			name = Debug;
		};
		7F825036256E2C1700B61E9D /* Release */ = {
			isa = XCBuildConfiguration;
			buildSettings = {
				ASSETCATALOG_COMPILER_APPICON_NAME = AppIcon;
				CODE_SIGN_STYLE = Automatic;
				DEVELOPMENT_TEAM = 5594B8DQMM;
				INFOPLIST_FILE = "iOS-UIKit-Bullseye/Info.plist";
				LD_RUNPATH_SEARCH_PATHS = (
					"$(inherited)",
					"@executable_path/Frameworks",
				);
				PRODUCT_BUNDLE_IDENTIFIER = "com.justadlet.iOS-UIKit-Bullseye";
				PRODUCT_NAME = "Bull's Eye";
				SWIFT_VERSION = 5.0;
				TARGETED_DEVICE_FAMILY = "1,2";
			};
			name = Release;
		};
/* End XCBuildConfiguration section */

/* Begin XCConfigurationList section */
		7F82501B256E2C1200B61E9D /* Build configuration list for PBXProject "iOS-UIKit-Bullseye" */ = {
			isa = XCConfigurationList;
			buildConfigurations = (
				7F825032256E2C1700B61E9D /* Debug */,
				7F825033256E2C1700B61E9D /* Release */,
			);
			defaultConfigurationIsVisible = 0;
			defaultConfigurationName = Release;
		};
		7F825034256E2C1700B61E9D /* Build configuration list for PBXNativeTarget "iOS-UIKit-Bullseye" */ = {
			isa = XCConfigurationList;
			buildConfigurations = (
				7F825035256E2C1700B61E9D /* Debug */,
				7F825036256E2C1700B61E9D /* Release */,
			);
			defaultConfigurationIsVisible = 0;
			defaultConfigurationName = Release;
		};
/* End XCConfigurationList section */
	};
	rootObject = 7F825018256E2C1200B61E9D /* Project object */;
}
